{
  "requires": true,
  "lockfileVersion": 1,
  "dependencies": {
    "@types/youtube": {
      "version": "0.0.42",
      "resolved": "https://registry.npmjs.org/@types/youtube/-/youtube-0.0.42.tgz",
      "integrity": "sha512-Nqo3HMPFPcNyZ7HNFZJjpH+N4yXqpxBItG+41e7nL9zednovMRZMXWj36CctSznbBcbj6ucvkJDo5iZ8SKqLIw=="
    }
  }
}
